
Microsoft Visual Studio Solution File, Format Version 12.00
# Visual Studio Version 16
VisualStudioVersion = 16.0.32228.343
MinimumVisualStudioVersion = 10.0.40219.1
Project("{9A19103F-16F7-4668-BE54-9A1E7A4F7556}") = "Consuela.Lib", "Consuela.Lib\Consuela.Lib.csproj", "{9FF9C066-6CAE-48F0-84D8-65756407CD41}"
EndProject
Project("{FAE04EC0-301F-11D3-BF4B-00C04F79EFBC}") = "Consuela.IntegrationTesting", "Consuela.IntegrationTesting\Consuela.IntegrationTesting.csproj", "{765FB54D-4007-43B7-A4BF-526CBDA51157}"
EndProject
Global
	GlobalSection(SolutionConfigurationPlatforms) = preSolution
		Debug|Any CPU = Debug|Any CPU
		Release|Any CPU = Release|Any CPU
	EndGlobalSection
	GlobalSection(ProjectConfigurationPlatforms) = postSolution
		{9FF9C066-6CAE-48F0-84D8-65756407CD41}.Debug|Any CPU.ActiveCfg = Debug|Any CPU
		{9FF9C066-6CAE-48F0-84D8-65756407CD41}.Debug|Any CPU.Build.0 = Debug|Any CPU
		{9FF9C066-6CAE-48F0-84D8-65756407CD41}.Release|Any CPU.ActiveCfg = Release|Any CPU
		{9FF9C066-6CAE-48F0-84D8-65756407CD41}.Release|Any CPU.Build.0 = Release|Any CPU
		{765FB54D-4007-43B7-A4BF-526CBDA51157}.Debug|Any CPU.ActiveCfg = Debug|Any CPU
		{765FB54D-4007-43B7-A4BF-526CBDA51157}.Debug|Any CPU.Build.0 = Debug|Any CPU
		{765FB54D-4007-43B7-A4BF-526CBDA51157}.Release|Any CPU.ActiveCfg = Release|Any CPU
		{765FB54D-4007-43B7-A4BF-526CBDA51157}.Release|Any CPU.Build.0 = Release|Any CPU
	EndGlobalSection
	GlobalSection(SolutionProperties) = preSolution
		HideSolutionNode = FALSE
	EndGlobalSection
	GlobalSection(ExtensibilityGlobals) = postSolution
		SolutionGuid = {76C080BF-25E3-4A2C-80BA-DF196D508949}
	EndGlobalSection
EndGlobal
