
Microsoft Visual Studio Solution File, Format Version 12.00
# Visual Studio Version 17
VisualStudioVersion = 17.1.32414.318
MinimumVisualStudioVersion = 10.0.40219.1
Project("{9A19103F-16F7-4668-BE54-9A1E7A4F7556}") = "Consuela.Lib", "Consuela.Lib\Consuela.Lib.csproj", "{9FF9C066-6CAE-48F0-84D8-65756407CD41}"
EndProject
Project("{9A19103F-16F7-4668-BE54-9A1E7A4F7556}") = "Consuela.IntegrationTesting", "Consuela.IntegrationTesting\Consuela.IntegrationTesting.csproj", "{765FB54D-4007-43B7-A4BF-526CBDA51157}"
EndProject
Project("{9A19103F-16F7-4668-BE54-9A1E7A4F7556}") = "Consuela.Entity", "Consuela.Entities\Consuela.Entity.csproj", "{73507EE9-E54B-4C5C-8182-249B114D8DE0}"
EndProject
Project("{9A19103F-16F7-4668-BE54-9A1E7A4F7556}") = "Consuela.UnitTesting", "Consuela.UnitTesting\Consuela.UnitTesting.csproj", "{133E6803-CD5D-4269-B862-5D013E7D1010}"
EndProject
Project("{2150E333-8FDC-42A3-9474-1A3956D46DE8}") = "Testing", "Testing", "{97224D63-4847-4B74-97A9-06642E44CD61}"
EndProject
Project("{9A19103F-16F7-4668-BE54-9A1E7A4F7556}") = "Consuela.Service", "Consuela.Service\Consuela.Service.csproj", "{08E451FB-E9ED-4FE0-8AD9-4803C79B1677}"
EndProject
Project("{54435603-DBB4-11D2-8724-00A0C9A8B90C}") = "ConsuelaSetup", "ConsuelaSetup\ConsuelaSetup.vdproj", "{79E51A57-0259-4D4C-847D-6BC665217176}"
EndProject
Project("{54435603-DBB4-11D2-8724-00A0C9A8B90C}") = "ConsuelaWebSetup", "ConsuelaWebSetup\ConsuelaWebSetup.vdproj", "{29A4556D-758D-488A-842D-2CDF8A68292F}"
EndProject
Global
	GlobalSection(SolutionConfigurationPlatforms) = preSolution
		Debug|Any CPU = Debug|Any CPU
		Release|Any CPU = Release|Any CPU
	EndGlobalSection
	GlobalSection(ProjectConfigurationPlatforms) = postSolution
		{9FF9C066-6CAE-48F0-84D8-65756407CD41}.Debug|Any CPU.ActiveCfg = Debug|Any CPU
		{9FF9C066-6CAE-48F0-84D8-65756407CD41}.Debug|Any CPU.Build.0 = Debug|Any CPU
		{9FF9C066-6CAE-48F0-84D8-65756407CD41}.Release|Any CPU.ActiveCfg = Release|Any CPU
		{9FF9C066-6CAE-48F0-84D8-65756407CD41}.Release|Any CPU.Build.0 = Release|Any CPU
		{765FB54D-4007-43B7-A4BF-526CBDA51157}.Debug|Any CPU.ActiveCfg = Debug|Any CPU
		{765FB54D-4007-43B7-A4BF-526CBDA51157}.Debug|Any CPU.Build.0 = Debug|Any CPU
		{765FB54D-4007-43B7-A4BF-526CBDA51157}.Release|Any CPU.ActiveCfg = Release|Any CPU
		{765FB54D-4007-43B7-A4BF-526CBDA51157}.Release|Any CPU.Build.0 = Release|Any CPU
		{73507EE9-E54B-4C5C-8182-249B114D8DE0}.Debug|Any CPU.ActiveCfg = Debug|Any CPU
		{73507EE9-E54B-4C5C-8182-249B114D8DE0}.Debug|Any CPU.Build.0 = Debug|Any CPU
		{73507EE9-E54B-4C5C-8182-249B114D8DE0}.Release|Any CPU.ActiveCfg = Release|Any CPU
		{73507EE9-E54B-4C5C-8182-249B114D8DE0}.Release|Any CPU.Build.0 = Release|Any CPU
		{133E6803-CD5D-4269-B862-5D013E7D1010}.Debug|Any CPU.ActiveCfg = Debug|Any CPU
		{133E6803-CD5D-4269-B862-5D013E7D1010}.Debug|Any CPU.Build.0 = Debug|Any CPU
		{133E6803-CD5D-4269-B862-5D013E7D1010}.Release|Any CPU.ActiveCfg = Release|Any CPU
		{133E6803-CD5D-4269-B862-5D013E7D1010}.Release|Any CPU.Build.0 = Release|Any CPU
		{08E451FB-E9ED-4FE0-8AD9-4803C79B1677}.Debug|Any CPU.ActiveCfg = Debug|Any CPU
		{08E451FB-E9ED-4FE0-8AD9-4803C79B1677}.Debug|Any CPU.Build.0 = Debug|Any CPU
		{08E451FB-E9ED-4FE0-8AD9-4803C79B1677}.Release|Any CPU.ActiveCfg = Release|Any CPU
		{08E451FB-E9ED-4FE0-8AD9-4803C79B1677}.Release|Any CPU.Build.0 = Release|Any CPU
		{79E51A57-0259-4D4C-847D-6BC665217176}.Debug|Any CPU.ActiveCfg = Debug
		{79E51A57-0259-4D4C-847D-6BC665217176}.Release|Any CPU.ActiveCfg = Release
		{29A4556D-758D-488A-842D-2CDF8A68292F}.Debug|Any CPU.ActiveCfg = Debug
		{29A4556D-758D-488A-842D-2CDF8A68292F}.Release|Any CPU.ActiveCfg = Release
	EndGlobalSection
	GlobalSection(SolutionProperties) = preSolution
		HideSolutionNode = FALSE
	EndGlobalSection
	GlobalSection(NestedProjects) = preSolution
		{765FB54D-4007-43B7-A4BF-526CBDA51157} = {97224D63-4847-4B74-97A9-06642E44CD61}
		{133E6803-CD5D-4269-B862-5D013E7D1010} = {97224D63-4847-4B74-97A9-06642E44CD61}
	EndGlobalSection
	GlobalSection(ExtensibilityGlobals) = postSolution
		SolutionGuid = {76C080BF-25E3-4A2C-80BA-DF196D508949}
	EndGlobalSection
EndGlobal
